// !$*UTF8*$!
{
	archiveVersion = 1;
	classes = {
	};
	objectVersion = 56;
	objects = {

/* Begin PBXBuildFile section */
		868EEED829FB97E000944454 /* Aesthetic_PomodoroApp.swift in Sources */ = {isa = PBXBuildFile; fileRef = 868EEED729FB97E000944454 /* Aesthetic_PomodoroApp.swift */; };
		868EEEDA29FB97E000944454 /* ContentView.swift in Sources */ = {isa = PBXBuildFile; fileRef = 868EEED929FB97E000944454 /* ContentView.swift */; };
		868EEEDC29FB97E100944454 /* Assets.xcassets in Resources */ = {isa = PBXBuildFile; fileRef = 868EEEDB29FB97E100944454 /* Assets.xcassets */; };
		868EEEDF29FB97E100944454 /* Preview Assets.xcassets in Resources */ = {isa = PBXBuildFile; fileRef = 868EEEDE29FB97E100944454 /* Preview Assets.xcassets */; };
		868EEEE129FB97E100944454 /* Persistence.swift in Sources */ = {isa = PBXBuildFile; fileRef = 868EEEE029FB97E100944454 /* Persistence.swift */; };
		868EEEE429FB97E100944454 /* Aesthetic_Pomodoro.xcdatamodeld in Sources */ = {isa = PBXBuildFile; fileRef = 868EEEE229FB97E100944454 /* Aesthetic_Pomodoro.xcdatamodeld */; };
		868EEEEF29FB97E100944454 /* Aesthetic_PomodoroTests.swift in Sources */ = {isa = PBXBuildFile; fileRef = 868EEEEE29FB97E100944454 /* Aesthetic_PomodoroTests.swift */; };
		868EEEF929FB97E100944454 /* Aesthetic_PomodoroUITests.swift in Sources */ = {isa = PBXBuildFile; fileRef = 868EEEF829FB97E100944454 /* Aesthetic_PomodoroUITests.swift */; };
		868EEEFB29FB97E100944454 /* Aesthetic_PomodoroUITestsLaunchTests.swift in Sources */ = {isa = PBXBuildFile; fileRef = 868EEEFA29FB97E100944454 /* Aesthetic_PomodoroUITestsLaunchTests.swift */; };
		868EEF0829FB984600944454 /* SessionView.swift in Sources */ = {isa = PBXBuildFile; fileRef = 868EEF0729FB984600944454 /* SessionView.swift */; };
/* End PBXBuildFile section */

/* Begin PBXContainerItemProxy section */
		868EEEEB29FB97E100944454 /* PBXContainerItemProxy */ = {
			isa = PBXContainerItemProxy;
			containerPortal = 868EEECC29FB97E000944454 /* Project object */;
			proxyType = 1;
			remoteGlobalIDString = 868EEED329FB97E000944454;
			remoteInfo = "Aesthetic Pomodoro";
		};
		868EEEF529FB97E100944454 /* PBXContainerItemProxy */ = {
			isa = PBXContainerItemProxy;
			containerPortal = 868EEECC29FB97E000944454 /* Project object */;
			proxyType = 1;
			remoteGlobalIDString = 868EEED329FB97E000944454;
			remoteInfo = "Aesthetic Pomodoro";
		};
/* End PBXContainerItemProxy section */

/* Begin PBXFileReference section */
		868EEED429FB97E000944454 /* Aesthetic Pomodoro.app */ = {isa = PBXFileReference; explicitFileType = wrapper.application; includeInIndex = 0; path = "Aesthetic Pomodoro.app"; sourceTree = BUILT_PRODUCTS_DIR; };
		868EEED729FB97E000944454 /* Aesthetic_PomodoroApp.swift */ = {isa = PBXFileReference; lastKnownFileType = sourcecode.swift; path = Aesthetic_PomodoroApp.swift; sourceTree = "<group>"; };
		868EEED929FB97E000944454 /* ContentView.swift */ = {isa = PBXFileReference; lastKnownFileType = sourcecode.swift; path = ContentView.swift; sourceTree = "<group>"; };
		868EEEDB29FB97E100944454 /* Assets.xcassets */ = {isa = PBXFileReference; lastKnownFileType = folder.assetcatalog; path = Assets.xcassets; sourceTree = "<group>"; };
		868EEEDE29FB97E100944454 /* Preview Assets.xcassets */ = {isa = PBXFileReference; lastKnownFileType = folder.assetcatalog; path = "Preview Assets.xcassets"; sourceTree = "<group>"; };
		868EEEE029FB97E100944454 /* Persistence.swift */ = {isa = PBXFileReference; lastKnownFileType = sourcecode.swift; path = Persistence.swift; sourceTree = "<group>"; };
		868EEEE329FB97E100944454 /* Aesthetic_Pomodoro.xcdatamodel */ = {isa = PBXFileReference; lastKnownFileType = wrapper.xcdatamodel; path = Aesthetic_Pomodoro.xcdatamodel; sourceTree = "<group>"; };
		868EEEE529FB97E100944454 /* Aesthetic_Pomodoro.entitlements */ = {isa = PBXFileReference; lastKnownFileType = text.plist.entitlements; path = Aesthetic_Pomodoro.entitlements; sourceTree = "<group>"; };
		868EEEEA29FB97E100944454 /* Aesthetic PomodoroTests.xctest */ = {isa = PBXFileReference; explicitFileType = wrapper.cfbundle; includeInIndex = 0; path = "Aesthetic PomodoroTests.xctest"; sourceTree = BUILT_PRODUCTS_DIR; };
		868EEEEE29FB97E100944454 /* Aesthetic_PomodoroTests.swift */ = {isa = PBXFileReference; lastKnownFileType = sourcecode.swift; path = Aesthetic_PomodoroTests.swift; sourceTree = "<group>"; };
		868EEEF429FB97E100944454 /* Aesthetic PomodoroUITests.xctest */ = {isa = PBXFileReference; explicitFileType = wrapper.cfbundle; includeInIndex = 0; path = "Aesthetic PomodoroUITests.xctest"; sourceTree = BUILT_PRODUCTS_DIR; };
		868EEEF829FB97E100944454 /* Aesthetic_PomodoroUITests.swift */ = {isa = PBXFileReference; lastKnownFileType = sourcecode.swift; path = Aesthetic_PomodoroUITests.swift; sourceTree = "<group>"; };
		868EEEFA29FB97E100944454 /* Aesthetic_PomodoroUITestsLaunchTests.swift */ = {isa = PBXFileReference; lastKnownFileType = sourcecode.swift; path = Aesthetic_PomodoroUITestsLaunchTests.swift; sourceTree = "<group>"; };
		868EEF0729FB984600944454 /* SessionView.swift */ = {isa = PBXFileReference; lastKnownFileType = sourcecode.swift; path = SessionView.swift; sourceTree = "<group>"; };
/* End PBXFileReference section */

/* Begin PBXFrameworksBuildPhase section */
		868EEED129FB97E000944454 /* Frameworks */ = {
			isa = PBXFrameworksBuildPhase;
			buildActionMask = 2147483647;
			files = (
			);
			runOnlyForDeploymentPostprocessing = 0;
		};
		868EEEE729FB97E100944454 /* Frameworks */ = {
			isa = PBXFrameworksBuildPhase;
			buildActionMask = 2147483647;
			files = (
			);
			runOnlyForDeploymentPostprocessing = 0;
		};
		868EEEF129FB97E100944454 /* Frameworks */ = {
			isa = PBXFrameworksBuildPhase;
			buildActionMask = 2147483647;
			files = (
			);
			runOnlyForDeploymentPostprocessing = 0;
		};
/* End PBXFrameworksBuildPhase section */

/* Begin PBXGroup section */
		868EEECB29FB97E000944454 = {
			isa = PBXGroup;
			children = (
				868EEED629FB97E000944454 /* Aesthetic Pomodoro */,
				868EEEED29FB97E100944454 /* Aesthetic PomodoroTests */,
				868EEEF729FB97E100944454 /* Aesthetic PomodoroUITests */,
				868EEED529FB97E000944454 /* Products */,
			);
			sourceTree = "<group>";
		};
		868EEED529FB97E000944454 /* Products */ = {
			isa = PBXGroup;
			children = (
				868EEED429FB97E000944454 /* Aesthetic Pomodoro.app */,
				868EEEEA29FB97E100944454 /* Aesthetic PomodoroTests.xctest */,
				868EEEF429FB97E100944454 /* Aesthetic PomodoroUITests.xctest */,
			);
			name = Products;
			sourceTree = "<group>";
		};
		868EEED629FB97E000944454 /* Aesthetic Pomodoro */ = {
			isa = PBXGroup;
			children = (
				868EEED729FB97E000944454 /* Aesthetic_PomodoroApp.swift */,
				868EEED929FB97E000944454 /* ContentView.swift */,
				868EEF0729FB984600944454 /* SessionView.swift */,
				868EEEDB29FB97E100944454 /* Assets.xcassets */,
				868EEEE029FB97E100944454 /* Persistence.swift */,
				868EEEE529FB97E100944454 /* Aesthetic_Pomodoro.entitlements */,
				868EEEE229FB97E100944454 /* Aesthetic_Pomodoro.xcdatamodeld */,
				868EEEDD29FB97E100944454 /* Preview Content */,
			);
			path = "Aesthetic Pomodoro";
			sourceTree = "<group>";
		};
		868EEEDD29FB97E100944454 /* Preview Content */ = {
			isa = PBXGroup;
			children = (
				868EEEDE29FB97E100944454 /* Preview Assets.xcassets */,
			);
			path = "Preview Content";
			sourceTree = "<group>";
		};
		868EEEED29FB97E100944454 /* Aesthetic PomodoroTests */ = {
			isa = PBXGroup;
			children = (
				868EEEEE29FB97E100944454 /* Aesthetic_PomodoroTests.swift */,
			);
			path = "Aesthetic PomodoroTests";
			sourceTree = "<group>";
		};
		868EEEF729FB97E100944454 /* Aesthetic PomodoroUITests */ = {
			isa = PBXGroup;
			children = (
				868EEEF829FB97E100944454 /* Aesthetic_PomodoroUITests.swift */,
				868EEEFA29FB97E100944454 /* Aesthetic_PomodoroUITestsLaunchTests.swift */,
			);
			path = "Aesthetic PomodoroUITests";
			sourceTree = "<group>";
		};
/* End PBXGroup section */

/* Begin PBXNativeTarget section */
		868EEED329FB97E000944454 /* Aesthetic Pomodoro */ = {
			isa = PBXNativeTarget;
			buildConfigurationList = 868EEEFE29FB97E100944454 /* Build configuration list for PBXNativeTarget "Aesthetic Pomodoro" */;
			buildPhases = (
				868EEED029FB97E000944454 /* Sources */,
				868EEED129FB97E000944454 /* Frameworks */,
				868EEED229FB97E000944454 /* Resources */,
			);
			buildRules = (
			);
			dependencies = (
			);
			name = "Aesthetic Pomodoro";
			productName = "Aesthetic Pomodoro";
			productReference = 868EEED429FB97E000944454 /* Aesthetic Pomodoro.app */;
			productType = "com.apple.product-type.application";
		};
		868EEEE929FB97E100944454 /* Aesthetic PomodoroTests */ = {
			isa = PBXNativeTarget;
			buildConfigurationList = 868EEF0129FB97E100944454 /* Build configuration list for PBXNativeTarget "Aesthetic PomodoroTests" */;
			buildPhases = (
				868EEEE629FB97E100944454 /* Sources */,
				868EEEE729FB97E100944454 /* Frameworks */,
				868EEEE829FB97E100944454 /* Resources */,
			);
			buildRules = (
			);
			dependencies = (
				868EEEEC29FB97E100944454 /* PBXTargetDependency */,
			);
			name = "Aesthetic PomodoroTests";
			productName = "Aesthetic PomodoroTests";
			productReference = 868EEEEA29FB97E100944454 /* Aesthetic PomodoroTests.xctest */;
			productType = "com.apple.product-type.bundle.unit-test";
		};
		868EEEF329FB97E100944454 /* Aesthetic PomodoroUITests */ = {
			isa = PBXNativeTarget;
			buildConfigurationList = 868EEF0429FB97E100944454 /* Build configuration list for PBXNativeTarget "Aesthetic PomodoroUITests" */;
			buildPhases = (
				868EEEF029FB97E100944454 /* Sources */,
				868EEEF129FB97E100944454 /* Frameworks */,
				868EEEF229FB97E100944454 /* Resources */,
			);
			buildRules = (
			);
			dependencies = (
				868EEEF629FB97E100944454 /* PBXTargetDependency */,
			);
			name = "Aesthetic PomodoroUITests";
			productName = "Aesthetic PomodoroUITests";
			productReference = 868EEEF429FB97E100944454 /* Aesthetic PomodoroUITests.xctest */;
			productType = "com.apple.product-type.bundle.ui-testing";
		};
/* End PBXNativeTarget section */

/* Begin PBXProject section */
		868EEECC29FB97E000944454 /* Project object */ = {
			isa = PBXProject;
			attributes = {
				BuildIndependentTargetsInParallel = 1;
				LastSwiftUpdateCheck = 1430;
				LastUpgradeCheck = 1430;
				TargetAttributes = {
					868EEED329FB97E000944454 = {
						CreatedOnToolsVersion = 14.3;
					};
					868EEEE929FB97E100944454 = {
						CreatedOnToolsVersion = 14.3;
						TestTargetID = 868EEED329FB97E000944454;
					};
					868EEEF329FB97E100944454 = {
						CreatedOnToolsVersion = 14.3;
						TestTargetID = 868EEED329FB97E000944454;
					};
				};
			};
			buildConfigurationList = 868EEECF29FB97E000944454 /* Build configuration list for PBXProject "Aesthetic Pomodoro" */;
			compatibilityVersion = "Xcode 14.0";
			developmentRegion = en;
			hasScannedForEncodings = 0;
			knownRegions = (
				en,
				Base,
			);
			mainGroup = 868EEECB29FB97E000944454;
			productRefGroup = 868EEED529FB97E000944454 /* Products */;
			projectDirPath = "";
			projectRoot = "";
			targets = (
				868EEED329FB97E000944454 /* Aesthetic Pomodoro */,
				868EEEE929FB97E100944454 /* Aesthetic PomodoroTests */,
				868EEEF329FB97E100944454 /* Aesthetic PomodoroUITests */,
			);
		};
/* End PBXProject section */

/* Begin PBXResourcesBuildPhase section */
		868EEED229FB97E000944454 /* Resources */ = {
			isa = PBXResourcesBuildPhase;
			buildActionMask = 2147483647;
			files = (
				868EEEDF29FB97E100944454 /* Preview Assets.xcassets in Resources */,
				868EEEDC29FB97E100944454 /* Assets.xcassets in Resources */,
			);
			runOnlyForDeploymentPostprocessing = 0;
		};
		868EEEE829FB97E100944454 /* Resources */ = {
			isa = PBXResourcesBuildPhase;
			buildActionMask = 2147483647;
			files = (
			);
			runOnlyForDeploymentPostprocessing = 0;
		};
		868EEEF229FB97E100944454 /* Resources */ = {
			isa = PBXResourcesBuildPhase;
			buildActionMask = 2147483647;
			files = (
			);
			runOnlyForDeploymentPostprocessing = 0;
		};
/* End PBXResourcesBuildPhase section */

/* Begin PBXSourcesBuildPhase section */
		868EEED029FB97E000944454 /* Sources */ = {
			isa = PBXSourcesBuildPhase;
			buildActionMask = 2147483647;
			files = (
				868EEF0829FB984600944454 /* SessionView.swift in Sources */,
				868EEEE129FB97E100944454 /* Persistence.swift in Sources */,
				868EEEDA29FB97E000944454 /* ContentView.swift in Sources */,
				868EEED829FB97E000944454 /* Aesthetic_PomodoroApp.swift in Sources */,
				868EEEE429FB97E100944454 /* Aesthetic_Pomodoro.xcdatamodeld in Sources */,
			);
			runOnlyForDeploymentPostprocessing = 0;
		};
		868EEEE629FB97E100944454 /* Sources */ = {
			isa = PBXSourcesBuildPhase;
			buildActionMask = 2147483647;
			files = (
				868EEEEF29FB97E100944454 /* Aesthetic_PomodoroTests.swift in Sources */,
			);
			runOnlyForDeploymentPostprocessing = 0;
		};
		868EEEF029FB97E100944454 /* Sources */ = {
			isa = PBXSourcesBuildPhase;
			buildActionMask = 2147483647;
			files = (
				868EEEFB29FB97E100944454 /* Aesthetic_PomodoroUITestsLaunchTests.swift in Sources */,
				868EEEF929FB97E100944454 /* Aesthetic_PomodoroUITests.swift in Sources */,
			);
			runOnlyForDeploymentPostprocessing = 0;
		};
/* End PBXSourcesBuildPhase section */

/* Begin PBXTargetDependency section */
		868EEEEC29FB97E100944454 /* PBXTargetDependency */ = {
			isa = PBXTargetDependency;
			target = 868EEED329FB97E000944454 /* Aesthetic Pomodoro */;
			targetProxy = 868EEEEB29FB97E100944454 /* PBXContainerItemProxy */;
		};
		868EEEF629FB97E100944454 /* PBXTargetDependency */ = {
			isa = PBXTargetDependency;
			target = 868EEED329FB97E000944454 /* Aesthetic Pomodoro */;
			targetProxy = 868EEEF529FB97E100944454 /* PBXContainerItemProxy */;
		};
/* End PBXTargetDependency section */

/* Begin XCBuildConfiguration section */
		868EEEFC29FB97E100944454 /* Debug */ = {
			isa = XCBuildConfiguration;
			buildSettings = {
				ALWAYS_SEARCH_USER_PATHS = NO;
				CLANG_ANALYZER_NONNULL = YES;
				CLANG_ANALYZER_NUMBER_OBJECT_CONVERSION = YES_AGGRESSIVE;
				CLANG_CXX_LANGUAGE_STANDARD = "gnu++20";
				CLANG_ENABLE_MODULES = YES;
				CLANG_ENABLE_OBJC_ARC = YES;
				CLANG_ENABLE_OBJC_WEAK = YES;
				CLANG_WARN_BLOCK_CAPTURE_AUTORELEASING = YES;
				CLANG_WARN_BOOL_CONVERSION = YES;
				CLANG_WARN_COMMA = YES;
				CLANG_WARN_CONSTANT_CONVERSION = YES;
				CLANG_WARN_DEPRECATED_OBJC_IMPLEMENTATIONS = YES;
				CLANG_WARN_DIRECT_OBJC_ISA_USAGE = YES_ERROR;
				CLANG_WARN_DOCUMENTATION_COMMENTS = YES;
				CLANG_WARN_EMPTY_BODY = YES;
				CLANG_WARN_ENUM_CONVERSION = YES;
				CLANG_WARN_INFINITE_RECURSION = YES;
				CLANG_WARN_INT_CONVERSION = YES;
				CLANG_WARN_NON_LITERAL_NULL_CONVERSION = YES;
				CLANG_WARN_OBJC_IMPLICIT_RETAIN_SELF = YES;
				CLANG_WARN_OBJC_LITERAL_CONVERSION = YES;
				CLANG_WARN_OBJC_ROOT_CLASS = YES_ERROR;
				CLANG_WARN_QUOTED_INCLUDE_IN_FRAMEWORK_HEADER = YES;
				CLANG_WARN_RANGE_LOOP_ANALYSIS = YES;
				CLANG_WARN_STRICT_PROTOTYPES = YES;
				CLANG_WARN_SUSPICIOUS_MOVE = YES;
				CLANG_WARN_UNGUARDED_AVAILABILITY = YES_AGGRESSIVE;
				CLANG_WARN_UNREACHABLE_CODE = YES;
				CLANG_WARN__DUPLICATE_METHOD_MATCH = YES;
				COPY_PHASE_STRIP = NO;
				DEBUG_INFORMATION_FORMAT = dwarf;
				ENABLE_STRICT_OBJC_MSGSEND = YES;
				ENABLE_TESTABILITY = YES;
				GCC_C_LANGUAGE_STANDARD = gnu11;
				GCC_DYNAMIC_NO_PIC = NO;
				GCC_NO_COMMON_BLOCKS = YES;
				GCC_OPTIMIZATION_LEVEL = 0;
				GCC_PREPROCESSOR_DEFINITIONS = (
					"DEBUG=1",
					"$(inherited)",
				);
				GCC_WARN_64_TO_32_BIT_CONVERSION = YES;
				GCC_WARN_ABOUT_RETURN_TYPE = YES_ERROR;
				GCC_WARN_UNDECLARED_SELECTOR = YES;
				GCC_WARN_UNINITIALIZED_AUTOS = YES_AGGRESSIVE;
				GCC_WARN_UNUSED_FUNCTION = YES;
				GCC_WARN_UNUSED_VARIABLE = YES;
				MACOSX_DEPLOYMENT_TARGET = 13.3;
				MTL_ENABLE_DEBUG_INFO = INCLUDE_SOURCE;
				MTL_FAST_MATH = YES;
				ONLY_ACTIVE_ARCH = YES;
				SDKROOT = macosx;
				SWIFT_ACTIVE_COMPILATION_CONDITIONS = DEBUG;
				SWIFT_OPTIMIZATION_LEVEL = "-Onone";
			};
			name = Debug;
		};
		868EEEFD29FB97E100944454 /* Release */ = {
			isa = XCBuildConfiguration;
			buildSettings = {
				ALWAYS_SEARCH_USER_PATHS = NO;
				CLANG_ANALYZER_NONNULL = YES;
				CLANG_ANALYZER_NUMBER_OBJECT_CONVERSION = YES_AGGRESSIVE;
				CLANG_CXX_LANGUAGE_STANDARD = "gnu++20";
				CLANG_ENABLE_MODULES = YES;
				CLANG_ENABLE_OBJC_ARC = YES;
				CLANG_ENABLE_OBJC_WEAK = YES;
				CLANG_WARN_BLOCK_CAPTURE_AUTORELEASING = YES;
				CLANG_WARN_BOOL_CONVERSION = YES;
				CLANG_WARN_COMMA = YES;
				CLANG_WARN_CONSTANT_CONVERSION = YES;
				CLANG_WARN_DEPRECATED_OBJC_IMPLEMENTATIONS = YES;
				CLANG_WARN_DIRECT_OBJC_ISA_USAGE = YES_ERROR;
				CLANG_WARN_DOCUMENTATION_COMMENTS = YES;
				CLANG_WARN_EMPTY_BODY = YES;
				CLANG_WARN_ENUM_CONVERSION = YES;
				CLANG_WARN_INFINITE_RECURSION = YES;
				CLANG_WARN_INT_CONVERSION = YES;
				CLANG_WARN_NON_LITERAL_NULL_CONVERSION = YES;
				CLANG_WARN_OBJC_IMPLICIT_RETAIN_SELF = YES;
				CLANG_WARN_OBJC_LITERAL_CONVERSION = YES;
				CLANG_WARN_OBJC_ROOT_CLASS = YES_ERROR;
				CLANG_WARN_QUOTED_INCLUDE_IN_FRAMEWORK_HEADER = YES;
				CLANG_WARN_RANGE_LOOP_ANALYSIS = YES;
				CLANG_WARN_STRICT_PROTOTYPES = YES;
				CLANG_WARN_SUSPICIOUS_MOVE = YES;
				CLANG_WARN_UNGUARDED_AVAILABILITY = YES_AGGRESSIVE;
				CLANG_WARN_UNREACHABLE_CODE = YES;
				CLANG_WARN__DUPLICATE_METHOD_MATCH = YES;
				COPY_PHASE_STRIP = NO;
				DEBUG_INFORMATION_FORMAT = "dwarf-with-dsym";
				ENABLE_NS_ASSERTIONS = NO;
				ENABLE_STRICT_OBJC_MSGSEND = YES;
				GCC_C_LANGUAGE_STANDARD = gnu11;
				GCC_NO_COMMON_BLOCKS = YES;
				GCC_WARN_64_TO_32_BIT_CONVERSION = YES;
				GCC_WARN_ABOUT_RETURN_TYPE = YES_ERROR;
				GCC_WARN_UNDECLARED_SELECTOR = YES;
				GCC_WARN_UNINITIALIZED_AUTOS = YES_AGGRESSIVE;
				GCC_WARN_UNUSED_FUNCTION = YES;
				GCC_WARN_UNUSED_VARIABLE = YES;
				MACOSX_DEPLOYMENT_TARGET = 13.3;
				MTL_ENABLE_DEBUG_INFO = NO;
				MTL_FAST_MATH = YES;
				SDKROOT = macosx;
				SWIFT_COMPILATION_MODE = wholemodule;
				SWIFT_OPTIMIZATION_LEVEL = "-O";
			};
			name = Release;
		};
		868EEEFF29FB97E100944454 /* Debug */ = {
			isa = XCBuildConfiguration;
			buildSettings = {
				ASSETCATALOG_COMPILER_APPICON_NAME = AppIcon;
				ASSETCATALOG_COMPILER_GLOBAL_ACCENT_COLOR_NAME = AccentColor;
				CODE_SIGN_ENTITLEMENTS = "Aesthetic Pomodoro/Aesthetic_Pomodoro.entitlements";
				CODE_SIGN_STYLE = Automatic;
				COMBINE_HIDPI_IMAGES = YES;
				CURRENT_PROJECT_VERSION = 1;
				DEVELOPMENT_ASSET_PATHS = "\"Aesthetic Pomodoro/Preview Content\"";
				DEVELOPMENT_TEAM = F6K6BFNLSM;
				ENABLE_HARDENED_RUNTIME = YES;
				ENABLE_PREVIEWS = YES;
				GENERATE_INFOPLIST_FILE = YES;
				INFOPLIST_KEY_LSApplicationCategoryType = "public.app-category.productivity";
				INFOPLIST_KEY_NSHumanReadableCopyright = "";
				LD_RUNPATH_SEARCH_PATHS = (
					"$(inherited)",
					"@executable_path/../Frameworks",
				);
				MARKETING_VERSION = 1.0;
				PRODUCT_BUNDLE_IDENTIFIER = "com.devil.red.Aesthetic-Pomodoro";
				PRODUCT_NAME = "$(TARGET_NAME)";
				SWIFT_EMIT_LOC_STRINGS = YES;
				SWIFT_VERSION = 5.0;
			};
			name = Debug;
		};
		868EEF0029FB97E100944454 /* Release */ = {
			isa = XCBuildConfiguration;
			buildSettings = {
				ASSETCATALOG_COMPILER_APPICON_NAME = AppIcon;
				ASSETCATALOG_COMPILER_GLOBAL_ACCENT_COLOR_NAME = AccentColor;
				CODE_SIGN_ENTITLEMENTS = "Aesthetic Pomodoro/Aesthetic_Pomodoro.entitlements";
				CODE_SIGN_STYLE = Automatic;
				COMBINE_HIDPI_IMAGES = YES;
				CURRENT_PROJECT_VERSION = 1;
				DEVELOPMENT_ASSET_PATHS = "\"Aesthetic Pomodoro/Preview Content\"";
				DEVELOPMENT_TEAM = F6K6BFNLSM;
				ENABLE_HARDENED_RUNTIME = YES;
				ENABLE_PREVIEWS = YES;
				GENERATE_INFOPLIST_FILE = YES;
				INFOPLIST_KEY_LSApplicationCategoryType = "public.app-category.productivity";
				INFOPLIST_KEY_NSHumanReadableCopyright = "";
				LD_RUNPATH_SEARCH_PATHS = (
					"$(inherited)",
					"@executable_path/../Frameworks",
				);
				MARKETING_VERSION = 1.0;
				PRODUCT_BUNDLE_IDENTIFIER = "com.devil.red.Aesthetic-Pomodoro";
				PRODUCT_NAME = "$(TARGET_NAME)";
				SWIFT_EMIT_LOC_STRINGS = YES;
				SWIFT_VERSION = 5.0;
			};
			name = Release;
		};
		868EEF0229FB97E100944454 /* Debug */ = {
			isa = XCBuildConfiguration;
			buildSettings = {
				ALWAYS_EMBED_SWIFT_STANDARD_LIBRARIES = YES;
				BUNDLE_LOADER = "$(TEST_HOST)";
				CODE_SIGN_STYLE = Automatic;
				CURRENT_PROJECT_VERSION = 1;
				DEVELOPMENT_TEAM = F6K6BFNLSM;
				GENERATE_INFOPLIST_FILE = YES;
				MACOSX_DEPLOYMENT_TARGET = 13.3;
				MARKETING_VERSION = 1.0;
				PRODUCT_BUNDLE_IDENTIFIER = "com.devil.red.Aesthetic-PomodoroTests";
				PRODUCT_NAME = "$(TARGET_NAME)";
				SWIFT_EMIT_LOC_STRINGS = NO;
				SWIFT_VERSION = 5.0;
				TEST_HOST = "$(BUILT_PRODUCTS_DIR)/Aesthetic Pomodoro.app/$(BUNDLE_EXECUTABLE_FOLDER_PATH)/Aesthetic Pomodoro";
			};
			name = Debug;
		};
		868EEF0329FB97E100944454 /* Release */ = {
			isa = XCBuildConfiguration;
			buildSettings = {
				ALWAYS_EMBED_SWIFT_STANDARD_LIBRARIES = YES;
				BUNDLE_LOADER = "$(TEST_HOST)";
				CODE_SIGN_STYLE = Automatic;
				CURRENT_PROJECT_VERSION = 1;
				DEVELOPMENT_TEAM = F6K6BFNLSM;
				GENERATE_INFOPLIST_FILE = YES;
				MACOSX_DEPLOYMENT_TARGET = 13.3;
				MARKETING_VERSION = 1.0;
				PRODUCT_BUNDLE_IDENTIFIER = "com.devil.red.Aesthetic-PomodoroTests";
				PRODUCT_NAME = "$(TARGET_NAME)";
				SWIFT_EMIT_LOC_STRINGS = NO;
				SWIFT_VERSION = 5.0;
				TEST_HOST = "$(BUILT_PRODUCTS_DIR)/Aesthetic Pomodoro.app/$(BUNDLE_EXECUTABLE_FOLDER_PATH)/Aesthetic Pomodoro";
			};
			name = Release;
		};
		868EEF0529FB97E100944454 /* Debug */ = {
			isa = XCBuildConfiguration;
			buildSettings = {
				ALWAYS_EMBED_SWIFT_STANDARD_LIBRARIES = YES;
				CODE_SIGN_STYLE = Automatic;
				CURRENT_PROJECT_VERSION = 1;
				DEVELOPMENT_TEAM = F6K6BFNLSM;
				GENERATE_INFOPLIST_FILE = YES;
				MARKETING_VERSION = 1.0;
				PRODUCT_BUNDLE_IDENTIFIER = "com.devil.red.Aesthetic-PomodoroUITests";
				PRODUCT_NAME = "$(TARGET_NAME)";
				SWIFT_EMIT_LOC_STRINGS = NO;
				SWIFT_VERSION = 5.0;
				TEST_TARGET_NAME = "Aesthetic Pomodoro";
			};
			name = Debug;
		};
		868EEF0629FB97E100944454 /* Release */ = {
			isa = XCBuildConfiguration;
			buildSettings = {
				ALWAYS_EMBED_SWIFT_STANDARD_LIBRARIES = YES;
				CODE_SIGN_STYLE = Automatic;
				CURRENT_PROJECT_VERSION = 1;
				DEVELOPMENT_TEAM = F6K6BFNLSM;
				GENERATE_INFOPLIST_FILE = YES;
				MARKETING_VERSION = 1.0;
				PRODUCT_BUNDLE_IDENTIFIER = "com.devil.red.Aesthetic-PomodoroUITests";
				PRODUCT_NAME = "$(TARGET_NAME)";
				SWIFT_EMIT_LOC_STRINGS = NO;
				SWIFT_VERSION = 5.0;
				TEST_TARGET_NAME = "Aesthetic Pomodoro";
			};
			name = Release;
		};
/* End XCBuildConfiguration section */

/* Begin XCConfigurationList section */
		868EEECF29FB97E000944454 /* Build configuration list for PBXProject "Aesthetic Pomodoro" */ = {
			isa = XCConfigurationList;
			buildConfigurations = (
				868EEEFC29FB97E100944454 /* Debug */,
				868EEEFD29FB97E100944454 /* Release */,
			);
			defaultConfigurationIsVisible = 0;
			defaultConfigurationName = Release;
		};
		868EEEFE29FB97E100944454 /* Build configuration list for PBXNativeTarget "Aesthetic Pomodoro" */ = {
			isa = XCConfigurationList;
			buildConfigurations = (
				868EEEFF29FB97E100944454 /* Debug */,
				868EEF0029FB97E100944454 /* Release */,
			);
			defaultConfigurationIsVisible = 0;
			defaultConfigurationName = Release;
		};
		868EEF0129FB97E100944454 /* Build configuration list for PBXNativeTarget "Aesthetic PomodoroTests" */ = {
			isa = XCConfigurationList;
			buildConfigurations = (
				868EEF0229FB97E100944454 /* Debug */,
				868EEF0329FB97E100944454 /* Release */,
			);
			defaultConfigurationIsVisible = 0;
			defaultConfigurationName = Release;
		};
		868EEF0429FB97E100944454 /* Build configuration list for PBXNativeTarget "Aesthetic PomodoroUITests" */ = {
			isa = XCConfigurationList;
			buildConfigurations = (
				868EEF0529FB97E100944454 /* Debug */,
				868EEF0629FB97E100944454 /* Release */,
			);
			defaultConfigurationIsVisible = 0;
			defaultConfigurationName = Release;
		};
/* End XCConfigurationList section */

/* Begin XCVersionGroup section */
		868EEEE229FB97E100944454 /* Aesthetic_Pomodoro.xcdatamodeld */ = {
			isa = XCVersionGroup;
			children = (
				868EEEE329FB97E100944454 /* Aesthetic_Pomodoro.xcdatamodel */,
			);
			currentVersion = 868EEEE329FB97E100944454 /* Aesthetic_Pomodoro.xcdatamodel */;
			path = Aesthetic_Pomodoro.xcdatamodeld;
			sourceTree = "<group>";
			versionGroupType = wrapper.xcdatamodel;
		};
/* End XCVersionGroup section */
	};
	rootObject = 868EEECC29FB97E000944454 /* Project object */;
}
